// !$*UTF8*$!
{
	archiveVersion = 1;
	classes = {
	};
	objectVersion = 55;
	objects = {

/* Begin PBXBuildFile section */
		C90BCE442861D3C500C2EF35 /* DeviceContent.swift in Sources */ = {isa = PBXBuildFile; fileRef = C90BCE432861D3C500C2EF35 /* DeviceContent.swift */; };
		C90BCE462861D57100C2EF35 /* DeviceHeader.swift in Sources */ = {isa = PBXBuildFile; fileRef = C90BCE452861D57100C2EF35 /* DeviceHeader.swift */; };
		C90BCE482861D70500C2EF35 /* ErrorView.swift in Sources */ = {isa = PBXBuildFile; fileRef = C90BCE472861D70500C2EF35 /* ErrorView.swift */; };
		C90BCE4A2861DA6700C2EF35 /* RuntimeHeader.swift in Sources */ = {isa = PBXBuildFile; fileRef = C90BCE492861DA6700C2EF35 /* RuntimeHeader.swift */; };
		C90BCE4C2861E37900C2EF35 /* AppHeader.swift in Sources */ = {isa = PBXBuildFile; fileRef = C90BCE4B2861E37900C2EF35 /* AppHeader.swift */; };
		C90BCE4E2861E4E400C2EF35 /* AppContent.swift in Sources */ = {isa = PBXBuildFile; fileRef = C90BCE4D2861E4E400C2EF35 /* AppContent.swift */; };
		C90BCE522861EDBF00C2EF35 /* SourceFilter.swift in Sources */ = {isa = PBXBuildFile; fileRef = C90BCE512861EDBF00C2EF35 /* SourceFilter.swift */; };
		C90DCC142896AAAA0072E403 /* ContentHeader.swift in Sources */ = {isa = PBXBuildFile; fileRef = C90DCC132896AAAA0072E403 /* ContentHeader.swift */; };
		C90DCC162896B0370072E403 /* AppearancePicker.swift in Sources */ = {isa = PBXBuildFile; fileRef = C90DCC152896B0370072E403 /* AppearancePicker.swift */; };
		C927A0D92846414900533D66 /* Helpers.swift in Sources */ = {isa = PBXBuildFile; fileRef = C927A0D82846414900533D66 /* Helpers.swift */; };
		C927A0DB2846502300533D66 /* PathActions.swift in Sources */ = {isa = PBXBuildFile; fileRef = C927A0DA2846502300533D66 /* PathActions.swift */; };
		C95CC0F828B2411700928FAE /* AppearanceButtonStyle.swift in Sources */ = {isa = PBXBuildFile; fileRef = C95CC0F728B2411700928FAE /* AppearanceButtonStyle.swift */; };
		C95CC0FA28B2414900928FAE /* SystemIconButtonStyle.swift in Sources */ = {isa = PBXBuildFile; fileRef = C95CC0F928B2414900928FAE /* SystemIconButtonStyle.swift */; };
		C966876C29B7641F007BB3F5 /* FilteredNode.swift in Sources */ = {isa = PBXBuildFile; fileRef = C966875E29B7641F007BB3F5 /* FilteredNode.swift */; };
		C966876D29B7641F007BB3F5 /* SimApp+Node.swift in Sources */ = {isa = PBXBuildFile; fileRef = C966876029B7641F007BB3F5 /* SimApp+Node.swift */; };
		C966876E29B7641F007BB3F5 /* SimProductFamily+Node.swift in Sources */ = {isa = PBXBuildFile; fileRef = C966876129B7641F007BB3F5 /* SimProductFamily+Node.swift */; };
		C966876F29B7641F007BB3F5 /* SimPlatform+Node.swift in Sources */ = {isa = PBXBuildFile; fileRef = C966876229B7641F007BB3F5 /* SimPlatform+Node.swift */; };
		C966877029B7641F007BB3F5 /* SimDeviceType+Node.swift in Sources */ = {isa = PBXBuildFile; fileRef = C966876329B7641F007BB3F5 /* SimDeviceType+Node.swift */; };
		C966877129B7641F007BB3F5 /* SimRuntime+Node.swift in Sources */ = {isa = PBXBuildFile; fileRef = C966876429B7641F007BB3F5 /* SimRuntime+Node.swift */; };
		C966877229B7641F007BB3F5 /* SimDevice+Node.swift in Sources */ = {isa = PBXBuildFile; fileRef = C966876529B7641F007BB3F5 /* SimDevice+Node.swift */; };
		C966877329B7641F007BB3F5 /* NodeListBuilder.swift in Sources */ = {isa = PBXBuildFile; fileRef = C966876629B7641F007BB3F5 /* NodeListBuilder.swift */; };
		C966877429B7641F007BB3F5 /* NodeLabel.swift in Sources */ = {isa = PBXBuildFile; fileRef = C966876829B7641F007BB3F5 /* NodeLabel.swift */; };
		C966877529B7641F007BB3F5 /* FilteredNodeView.swift in Sources */ = {isa = PBXBuildFile; fileRef = C966876929B7641F007BB3F5 /* FilteredNodeView.swift */; };
		C966877629B7641F007BB3F5 /* NodeView.swift in Sources */ = {isa = PBXBuildFile; fileRef = C966876A29B7641F007BB3F5 /* NodeView.swift */; };
		C966877729B7641F007BB3F5 /* Node.swift in Sources */ = {isa = PBXBuildFile; fileRef = C966876B29B7641F007BB3F5 /* Node.swift */; };
		C966877829B76533007BB3F5 /* SourceState.swift in Sources */ = {isa = PBXBuildFile; fileRef = C90BCE4F2861E9D000C2EF35 /* SourceState.swift */; };
		C9779742284F6DE000706DFB /* ToolbarMenu.swift in Sources */ = {isa = PBXBuildFile; fileRef = C9779741284F6DE000706DFB /* ToolbarMenu.swift */; };
		C982F859283B9F9000D491F4 /* SimDirsApp.swift in Sources */ = {isa = PBXBuildFile; fileRef = C982F858283B9F9000D491F4 /* SimDirsApp.swift */; };
		C982F85B283B9F9000D491F4 /* ContentView.swift in Sources */ = {isa = PBXBuildFile; fileRef = C982F85A283B9F9000D491F4 /* ContentView.swift */; };
		C982F85D283B9F9200D491F4 /* Assets.xcassets in Resources */ = {isa = PBXBuildFile; fileRef = C982F85C283B9F9200D491F4 /* Assets.xcassets */; };
		C982F860283B9F9200D491F4 /* Preview Assets.xcassets in Resources */ = {isa = PBXBuildFile; fileRef = C982F85F283B9F9200D491F4 /* Preview Assets.xcassets */; };
		C982F86B283BA22100D491F4 /* SimPlatform.swift in Sources */ = {isa = PBXBuildFile; fileRef = C982F86A283BA22100D491F4 /* SimPlatform.swift */; };
		C982F871283CE7B800D491F4 /* SimRuntime.swift in Sources */ = {isa = PBXBuildFile; fileRef = C982F870283CE7B800D491F4 /* SimRuntime.swift */; };
		C982F873283CE9AD00D491F4 /* SimDeviceType.swift in Sources */ = {isa = PBXBuildFile; fileRef = C982F872283CE9AD00D491F4 /* SimDeviceType.swift */; };
		C982F875283CEEBB00D491F4 /* SimDevice.swift in Sources */ = {isa = PBXBuildFile; fileRef = C982F874283CEEBB00D491F4 /* SimDevice.swift */; };
		C982F877283D020C00D491F4 /* SimProductFamily.swift in Sources */ = {isa = PBXBuildFile; fileRef = C982F876283D020C00D491F4 /* SimProductFamily.swift */; };
		C982F879283D042E00D491F4 /* SimModel.swift in Sources */ = {isa = PBXBuildFile; fileRef = C982F878283D042E00D491F4 /* SimModel.swift */; };
		C982F87B283E40C800D491F4 /* SimCtl.swift in Sources */ = {isa = PBXBuildFile; fileRef = C982F87A283E40C800D491F4 /* SimCtl.swift */; };
		C9BF5232289FE95D00BDDC91 /* DescriptiveToggle.swift in Sources */ = {isa = PBXBuildFile; fileRef = C9BF5231289FE95D00BDDC91 /* DescriptiveToggle.swift */; };
		C9BF5234289FE99600BDDC91 /* DescriptiveToggleStyle.swift in Sources */ = {isa = PBXBuildFile; fileRef = C9BF5233289FE99600BDDC91 /* DescriptiveToggleStyle.swift */; };
		C9DD54CE2860A0AF00D46AB3 /* DeviceTypeContent.swift in Sources */ = {isa = PBXBuildFile; fileRef = C9DD54CD2860A0AF00D46AB3 /* DeviceTypeContent.swift */; };
		C9DD54D02860A1A500D46AB3 /* DeviceTypeHeader.swift in Sources */ = {isa = PBXBuildFile; fileRef = C9DD54CF2860A1A500D46AB3 /* DeviceTypeHeader.swift */; };
		C9DD54D22860A24B00D46AB3 /* RuntimeContent.swift in Sources */ = {isa = PBXBuildFile; fileRef = C9DD54D12860A24B00D46AB3 /* RuntimeContent.swift */; };
		C9EE0CD228478FDB00E9B97A /* PathRow.swift in Sources */ = {isa = PBXBuildFile; fileRef = C9EE0CD128478FDB00E9B97A /* PathRow.swift */; };
		C9EE0CD42847B79E00E9B97A /* SimApp.swift in Sources */ = {isa = PBXBuildFile; fileRef = C9EE0CD32847B79E00E9B97A /* SimApp.swift */; };
/* End PBXBuildFile section */

/* Begin PBXFileReference section */
		C90BCE432861D3C500C2EF35 /* DeviceContent.swift */ = {isa = PBXFileReference; lastKnownFileType = sourcecode.swift; path = DeviceContent.swift; sourceTree = "<group>"; };
		C90BCE452861D57100C2EF35 /* DeviceHeader.swift */ = {isa = PBXFileReference; lastKnownFileType = sourcecode.swift; path = DeviceHeader.swift; sourceTree = "<group>"; };
		C90BCE472861D70500C2EF35 /* ErrorView.swift */ = {isa = PBXFileReference; lastKnownFileType = sourcecode.swift; path = ErrorView.swift; sourceTree = "<group>"; };
		C90BCE492861DA6700C2EF35 /* RuntimeHeader.swift */ = {isa = PBXFileReference; lastKnownFileType = sourcecode.swift; path = RuntimeHeader.swift; sourceTree = "<group>"; };
		C90BCE4B2861E37900C2EF35 /* AppHeader.swift */ = {isa = PBXFileReference; lastKnownFileType = sourcecode.swift; path = AppHeader.swift; sourceTree = "<group>"; };
		C90BCE4D2861E4E400C2EF35 /* AppContent.swift */ = {isa = PBXFileReference; lastKnownFileType = sourcecode.swift; path = AppContent.swift; sourceTree = "<group>"; };
		C90BCE4F2861E9D000C2EF35 /* SourceState.swift */ = {isa = PBXFileReference; lastKnownFileType = sourcecode.swift; path = SourceState.swift; sourceTree = "<group>"; };
		C90BCE512861EDBF00C2EF35 /* SourceFilter.swift */ = {isa = PBXFileReference; lastKnownFileType = sourcecode.swift; path = SourceFilter.swift; sourceTree = "<group>"; };
		C90DCC132896AAAA0072E403 /* ContentHeader.swift */ = {isa = PBXFileReference; lastKnownFileType = sourcecode.swift; path = ContentHeader.swift; sourceTree = "<group>"; };
		C90DCC152896B0370072E403 /* AppearancePicker.swift */ = {isa = PBXFileReference; lastKnownFileType = sourcecode.swift; path = AppearancePicker.swift; sourceTree = "<group>"; };
		C927A0D82846414900533D66 /* Helpers.swift */ = {isa = PBXFileReference; lastKnownFileType = sourcecode.swift; path = Helpers.swift; sourceTree = "<group>"; };
		C927A0DA2846502300533D66 /* PathActions.swift */ = {isa = PBXFileReference; lastKnownFileType = sourcecode.swift; path = PathActions.swift; sourceTree = "<group>"; };
		C95CC0F728B2411700928FAE /* AppearanceButtonStyle.swift */ = {isa = PBXFileReference; lastKnownFileType = sourcecode.swift; path = AppearanceButtonStyle.swift; sourceTree = "<group>"; };
		C95CC0F928B2414900928FAE /* SystemIconButtonStyle.swift */ = {isa = PBXFileReference; lastKnownFileType = sourcecode.swift; path = SystemIconButtonStyle.swift; sourceTree = "<group>"; };
		C966875E29B7641F007BB3F5 /* FilteredNode.swift */ = {isa = PBXFileReference; fileEncoding = 4; lastKnownFileType = sourcecode.swift; path = FilteredNode.swift; sourceTree = "<group>"; };
		C966876029B7641F007BB3F5 /* SimApp+Node.swift */ = {isa = PBXFileReference; fileEncoding = 4; lastKnownFileType = sourcecode.swift; path = "SimApp+Node.swift"; sourceTree = "<group>"; };
		C966876129B7641F007BB3F5 /* SimProductFamily+Node.swift */ = {isa = PBXFileReference; fileEncoding = 4; lastKnownFileType = sourcecode.swift; path = "SimProductFamily+Node.swift"; sourceTree = "<group>"; };
		C966876229B7641F007BB3F5 /* SimPlatform+Node.swift */ = {isa = PBXFileReference; fileEncoding = 4; lastKnownFileType = sourcecode.swift; path = "SimPlatform+Node.swift"; sourceTree = "<group>"; };
		C966876329B7641F007BB3F5 /* SimDeviceType+Node.swift */ = {isa = PBXFileReference; fileEncoding = 4; lastKnownFileType = sourcecode.swift; path = "SimDeviceType+Node.swift"; sourceTree = "<group>"; };
		C966876429B7641F007BB3F5 /* SimRuntime+Node.swift */ = {isa = PBXFileReference; fileEncoding = 4; lastKnownFileType = sourcecode.swift; path = "SimRuntime+Node.swift"; sourceTree = "<group>"; };
		C966876529B7641F007BB3F5 /* SimDevice+Node.swift */ = {isa = PBXFileReference; fileEncoding = 4; lastKnownFileType = sourcecode.swift; path = "SimDevice+Node.swift"; sourceTree = "<group>"; };
		C966876629B7641F007BB3F5 /* NodeListBuilder.swift */ = {isa = PBXFileReference; fileEncoding = 4; lastKnownFileType = sourcecode.swift; path = NodeListBuilder.swift; sourceTree = "<group>"; };
		C966876829B7641F007BB3F5 /* NodeLabel.swift */ = {isa = PBXFileReference; fileEncoding = 4; lastKnownFileType = sourcecode.swift; path = NodeLabel.swift; sourceTree = "<group>"; };
		C966876929B7641F007BB3F5 /* FilteredNodeView.swift */ = {isa = PBXFileReference; fileEncoding = 4; lastKnownFileType = sourcecode.swift; path = FilteredNodeView.swift; sourceTree = "<group>"; };
		C966876A29B7641F007BB3F5 /* NodeView.swift */ = {isa = PBXFileReference; fileEncoding = 4; lastKnownFileType = sourcecode.swift; path = NodeView.swift; sourceTree = "<group>"; };
		C966876B29B7641F007BB3F5 /* Node.swift */ = {isa = PBXFileReference; fileEncoding = 4; lastKnownFileType = sourcecode.swift; path = Node.swift; sourceTree = "<group>"; };
		C9779741284F6DE000706DFB /* ToolbarMenu.swift */ = {isa = PBXFileReference; lastKnownFileType = sourcecode.swift; path = ToolbarMenu.swift; sourceTree = "<group>"; };
		C982F855283B9F9000D491F4 /* SimDirs.app */ = {isa = PBXFileReference; explicitFileType = wrapper.application; includeInIndex = 0; path = SimDirs.app; sourceTree = BUILT_PRODUCTS_DIR; };
		C982F858283B9F9000D491F4 /* SimDirsApp.swift */ = {isa = PBXFileReference; lastKnownFileType = sourcecode.swift; path = SimDirsApp.swift; sourceTree = "<group>"; };
		C982F85A283B9F9000D491F4 /* ContentView.swift */ = {isa = PBXFileReference; lastKnownFileType = sourcecode.swift; path = ContentView.swift; sourceTree = "<group>"; };
		C982F85C283B9F9200D491F4 /* Assets.xcassets */ = {isa = PBXFileReference; lastKnownFileType = folder.assetcatalog; path = Assets.xcassets; sourceTree = "<group>"; };
		C982F85F283B9F9200D491F4 /* Preview Assets.xcassets */ = {isa = PBXFileReference; lastKnownFileType = folder.assetcatalog; path = "Preview Assets.xcassets"; sourceTree = "<group>"; };
		C982F861283B9F9200D491F4 /* SimDirs.entitlements */ = {isa = PBXFileReference; lastKnownFileType = text.plist.entitlements; path = SimDirs.entitlements; sourceTree = "<group>"; };
		C982F86A283BA22100D491F4 /* SimPlatform.swift */ = {isa = PBXFileReference; lastKnownFileType = sourcecode.swift; path = SimPlatform.swift; sourceTree = "<group>"; };
		C982F870283CE7B800D491F4 /* SimRuntime.swift */ = {isa = PBXFileReference; lastKnownFileType = sourcecode.swift; path = SimRuntime.swift; sourceTree = "<group>"; };
		C982F872283CE9AD00D491F4 /* SimDeviceType.swift */ = {isa = PBXFileReference; lastKnownFileType = sourcecode.swift; path = SimDeviceType.swift; sourceTree = "<group>"; };
		C982F874283CEEBB00D491F4 /* SimDevice.swift */ = {isa = PBXFileReference; lastKnownFileType = sourcecode.swift; path = SimDevice.swift; sourceTree = "<group>"; };
		C982F876283D020C00D491F4 /* SimProductFamily.swift */ = {isa = PBXFileReference; lastKnownFileType = sourcecode.swift; path = SimProductFamily.swift; sourceTree = "<group>"; };
		C982F878283D042E00D491F4 /* SimModel.swift */ = {isa = PBXFileReference; lastKnownFileType = sourcecode.swift; path = SimModel.swift; sourceTree = "<group>"; };
		C982F87A283E40C800D491F4 /* SimCtl.swift */ = {isa = PBXFileReference; fileEncoding = 4; lastKnownFileType = sourcecode.swift; path = SimCtl.swift; sourceTree = "<group>"; };
		C9BF5231289FE95D00BDDC91 /* DescriptiveToggle.swift */ = {isa = PBXFileReference; lastKnownFileType = sourcecode.swift; path = DescriptiveToggle.swift; sourceTree = "<group>"; };
		C9BF5233289FE99600BDDC91 /* DescriptiveToggleStyle.swift */ = {isa = PBXFileReference; lastKnownFileType = sourcecode.swift; path = DescriptiveToggleStyle.swift; sourceTree = "<group>"; };
		C9DD54CD2860A0AF00D46AB3 /* DeviceTypeContent.swift */ = {isa = PBXFileReference; lastKnownFileType = sourcecode.swift; path = DeviceTypeContent.swift; sourceTree = "<group>"; };
		C9DD54CF2860A1A500D46AB3 /* DeviceTypeHeader.swift */ = {isa = PBXFileReference; lastKnownFileType = sourcecode.swift; path = DeviceTypeHeader.swift; sourceTree = "<group>"; };
		C9DD54D12860A24B00D46AB3 /* RuntimeContent.swift */ = {isa = PBXFileReference; lastKnownFileType = sourcecode.swift; path = RuntimeContent.swift; sourceTree = "<group>"; };
		C9EE0CD128478FDB00E9B97A /* PathRow.swift */ = {isa = PBXFileReference; lastKnownFileType = sourcecode.swift; path = PathRow.swift; sourceTree = "<group>"; };
		C9EE0CD32847B79E00E9B97A /* SimApp.swift */ = {isa = PBXFileReference; lastKnownFileType = sourcecode.swift; path = SimApp.swift; sourceTree = "<group>"; };
/* End PBXFileReference section */

/* Begin PBXFrameworksBuildPhase section */
		C982F852283B9F9000D491F4 /* Frameworks */ = {
			isa = PBXFrameworksBuildPhase;
			buildActionMask = 2147483647;
			files = (
			);
			runOnlyForDeploymentPostprocessing = 0;
		};
/* End PBXFrameworksBuildPhase section */

/* Begin PBXGroup section */
		C95CC0F628B240F500928FAE /* Styles */ = {
			isa = PBXGroup;
			children = (
				C95CC0F728B2411700928FAE /* AppearanceButtonStyle.swift */,
				C9BF5233289FE99600BDDC91 /* DescriptiveToggleStyle.swift */,
				C95CC0F928B2414900928FAE /* SystemIconButtonStyle.swift */,
			);
			path = Styles;
			sourceTree = "<group>";
		};
		C966875D29B7641F007BB3F5 /* Node */ = {
			isa = PBXGroup;
			children = (
				C966875F29B7641F007BB3F5 /* Conforming */,
				C966876729B7641F007BB3F5 /* Views */,
				C966875E29B7641F007BB3F5 /* FilteredNode.swift */,
				C966876629B7641F007BB3F5 /* NodeListBuilder.swift */,
				C966876B29B7641F007BB3F5 /* Node.swift */,
			);
			path = Node;
			sourceTree = "<group>";
		};
		C966875F29B7641F007BB3F5 /* Conforming */ = {
			isa = PBXGroup;
			children = (
				C966876029B7641F007BB3F5 /* SimApp+Node.swift */,
				C966876129B7641F007BB3F5 /* SimProductFamily+Node.swift */,
				C966876229B7641F007BB3F5 /* SimPlatform+Node.swift */,
				C966876329B7641F007BB3F5 /* SimDeviceType+Node.swift */,
				C966876429B7641F007BB3F5 /* SimRuntime+Node.swift */,
				C966876529B7641F007BB3F5 /* SimDevice+Node.swift */,
			);
			path = Conforming;
			sourceTree = "<group>";
		};
		C966876729B7641F007BB3F5 /* Views */ = {
			isa = PBXGroup;
			children = (
				C966876829B7641F007BB3F5 /* NodeLabel.swift */,
				C966876929B7641F007BB3F5 /* FilteredNodeView.swift */,
				C966876A29B7641F007BB3F5 /* NodeView.swift */,
			);
			path = Views;
			sourceTree = "<group>";
		};
		C982F84C283B9F9000D491F4 = {
			isa = PBXGroup;
			children = (
				C982F857283B9F9000D491F4 /* SimDirs */,
				C982F856283B9F9000D491F4 /* Products */,
			);
			indentWidth = 4;
			sourceTree = "<group>";
			tabWidth = 4;
		};
		C982F856283B9F9000D491F4 /* Products */ = {
			isa = PBXGroup;
			children = (
				C982F855283B9F9000D491F4 /* SimDirs.app */,
			);
			name = Products;
			sourceTree = "<group>";
		};
		C982F857283B9F9000D491F4 /* SimDirs */ = {
			isa = PBXGroup;
			children = (
				C982F858283B9F9000D491F4 /* SimDirsApp.swift */,
				C982F85A283B9F9000D491F4 /* ContentView.swift */,
				C927A0D82846414900533D66 /* Helpers.swift */,
				C982F867283BA09B00D491F4 /* Model */,
				C966875D29B7641F007BB3F5 /* Node */,
				C9D73C23285C8B3B0044A279 /* Presentation */,
				C982F881283E7F0400D491F4 /* Views */,
				C982F85C283B9F9200D491F4 /* Assets.xcassets */,
				C982F861283B9F9200D491F4 /* SimDirs.entitlements */,
				C982F85E283B9F9200D491F4 /* Preview Content */,
			);
			path = SimDirs;
			sourceTree = "<group>";
		};
		C982F85E283B9F9200D491F4 /* Preview Content */ = {
			isa = PBXGroup;
			children = (
				C982F85F283B9F9200D491F4 /* Preview Assets.xcassets */,
			);
			path = "Preview Content";
			sourceTree = "<group>";
		};
		C982F867283BA09B00D491F4 /* Model */ = {
			isa = PBXGroup;
			children = (
				C982F87A283E40C800D491F4 /* SimCtl.swift */,
				C982F878283D042E00D491F4 /* SimModel.swift */,
				C9EE0CD32847B79E00E9B97A /* SimApp.swift */,
				C982F874283CEEBB00D491F4 /* SimDevice.swift */,
				C982F872283CE9AD00D491F4 /* SimDeviceType.swift */,
				C982F86A283BA22100D491F4 /* SimPlatform.swift */,
				C982F876283D020C00D491F4 /* SimProductFamily.swift */,
				C982F870283CE7B800D491F4 /* SimRuntime.swift */,
			);
			path = Model;
			sourceTree = "<group>";
		};
		C982F881283E7F0400D491F4 /* Views */ = {
			isa = PBXGroup;
			children = (
				C95CC0F628B240F500928FAE /* Styles */,
				C9DD54CC2860992200D46AB3 /* Model Views */,
				C90DCC152896B0370072E403 /* AppearancePicker.swift */,
				C90DCC132896AAAA0072E403 /* ContentHeader.swift */,
				C9BF5231289FE95D00BDDC91 /* DescriptiveToggle.swift */,
				C90BCE472861D70500C2EF35 /* ErrorView.swift */,
				C927A0DA2846502300533D66 /* PathActions.swift */,
				C9EE0CD128478FDB00E9B97A /* PathRow.swift */,
				C9779741284F6DE000706DFB /* ToolbarMenu.swift */,
			);
			path = Views;
			sourceTree = "<group>";
		};
		C9D73C23285C8B3B0044A279 /* Presentation */ = {
			isa = PBXGroup;
			children = (
				C90BCE512861EDBF00C2EF35 /* SourceFilter.swift */,
				C90BCE4F2861E9D000C2EF35 /* SourceState.swift */,
			);
			path = Presentation;
			sourceTree = "<group>";
		};
		C9DD54CC2860992200D46AB3 /* Model Views */ = {
			isa = PBXGroup;
			children = (
				C90BCE4D2861E4E400C2EF35 /* AppContent.swift */,
				C90BCE4B2861E37900C2EF35 /* AppHeader.swift */,
				C90BCE432861D3C500C2EF35 /* DeviceContent.swift */,
				C90BCE452861D57100C2EF35 /* DeviceHeader.swift */,
				C9DD54CD2860A0AF00D46AB3 /* DeviceTypeContent.swift */,
				C9DD54CF2860A1A500D46AB3 /* DeviceTypeHeader.swift */,
				C9DD54D12860A24B00D46AB3 /* RuntimeContent.swift */,
				C90BCE492861DA6700C2EF35 /* RuntimeHeader.swift */,
			);
			path = "Model Views";
			sourceTree = "<group>";
		};
/* End PBXGroup section */

/* Begin PBXNativeTarget section */
		C982F854283B9F9000D491F4 /* SimDirs */ = {
			isa = PBXNativeTarget;
			buildConfigurationList = C982F864283B9F9200D491F4 /* Build configuration list for PBXNativeTarget "SimDirs" */;
			buildPhases = (
				C982F851283B9F9000D491F4 /* Sources */,
				C982F852283B9F9000D491F4 /* Frameworks */,
				C982F853283B9F9000D491F4 /* Resources */,
			);
			buildRules = (
			);
			dependencies = (
			);
			name = SimDirs;
			productName = SimDirs;
			productReference = C982F855283B9F9000D491F4 /* SimDirs.app */;
			productType = "com.apple.product-type.application";
		};
/* End PBXNativeTarget section */

/* Begin PBXProject section */
		C982F84D283B9F9000D491F4 /* Project object */ = {
			isa = PBXProject;
			attributes = {
				BuildIndependentTargetsInParallel = 1;
				LastSwiftUpdateCheck = 1340;
				LastUpgradeCheck = 1340;
				TargetAttributes = {
					C982F854283B9F9000D491F4 = {
						CreatedOnToolsVersion = 13.4;
					};
				};
			};
			buildConfigurationList = C982F850283B9F9000D491F4 /* Build configuration list for PBXProject "SimDirs" */;
			compatibilityVersion = "Xcode 13.0";
			developmentRegion = en;
			hasScannedForEncodings = 0;
			knownRegions = (
				en,
				Base,
			);
			mainGroup = C982F84C283B9F9000D491F4;
			productRefGroup = C982F856283B9F9000D491F4 /* Products */;
			projectDirPath = "";
			projectRoot = "";
			targets = (
				C982F854283B9F9000D491F4 /* SimDirs */,
			);
		};
/* End PBXProject section */

/* Begin PBXResourcesBuildPhase section */
		C982F853283B9F9000D491F4 /* Resources */ = {
			isa = PBXResourcesBuildPhase;
			buildActionMask = 2147483647;
			files = (
				C982F860283B9F9200D491F4 /* Preview Assets.xcassets in Resources */,
				C982F85D283B9F9200D491F4 /* Assets.xcassets in Resources */,
			);
			runOnlyForDeploymentPostprocessing = 0;
		};
/* End PBXResourcesBuildPhase section */

/* Begin PBXSourcesBuildPhase section */
		C982F851283B9F9000D491F4 /* Sources */ = {
			isa = PBXSourcesBuildPhase;
			buildActionMask = 2147483647;
			files = (
				C966877729B7641F007BB3F5 /* Node.swift in Sources */,
				C966877529B7641F007BB3F5 /* FilteredNodeView.swift in Sources */,
				C966877229B7641F007BB3F5 /* SimDevice+Node.swift in Sources */,
				C966876C29B7641F007BB3F5 /* FilteredNode.swift in Sources */,
				C966877029B7641F007BB3F5 /* SimDeviceType+Node.swift in Sources */,
				C90BCE4E2861E4E400C2EF35 /* AppContent.swift in Sources */,
				C927A0DB2846502300533D66 /* PathActions.swift in Sources */,
				C90BCE442861D3C500C2EF35 /* DeviceContent.swift in Sources */,
				C966876F29B7641F007BB3F5 /* SimPlatform+Node.swift in Sources */,
				C90DCC142896AAAA0072E403 /* ContentHeader.swift in Sources */,
				C9BF5232289FE95D00BDDC91 /* DescriptiveToggle.swift in Sources */,
				C966877629B7641F007BB3F5 /* NodeView.swift in Sources */,
				C966877129B7641F007BB3F5 /* SimRuntime+Node.swift in Sources */,
				C90BCE4A2861DA6700C2EF35 /* RuntimeHeader.swift in Sources */,
				C966877829B76533007BB3F5 /* SourceState.swift in Sources */,
				C9EE0CD42847B79E00E9B97A /* SimApp.swift in Sources */,
				C9DD54D22860A24B00D46AB3 /* RuntimeContent.swift in Sources */,
				C9779742284F6DE000706DFB /* ToolbarMenu.swift in Sources */,
				C9DD54CE2860A0AF00D46AB3 /* DeviceTypeContent.swift in Sources */,
				C90DCC162896B0370072E403 /* AppearancePicker.swift in Sources */,
				C90BCE4C2861E37900C2EF35 /* AppHeader.swift in Sources */,
				C9DD54D02860A1A500D46AB3 /* DeviceTypeHeader.swift in Sources */,
				C966877429B7641F007BB3F5 /* NodeLabel.swift in Sources */,
				C90BCE522861EDBF00C2EF35 /* SourceFilter.swift in Sources */,
				C982F85B283B9F9000D491F4 /* ContentView.swift in Sources */,
				C982F875283CEEBB00D491F4 /* SimDevice.swift in Sources */,
				C9BF5234289FE99600BDDC91 /* DescriptiveToggleStyle.swift in Sources */,
				C966876D29B7641F007BB3F5 /* SimApp+Node.swift in Sources */,
				C982F873283CE9AD00D491F4 /* SimDeviceType.swift in Sources */,
				C90BCE482861D70500C2EF35 /* ErrorView.swift in Sources */,
				C982F877283D020C00D491F4 /* SimProductFamily.swift in Sources */,
				C982F859283B9F9000D491F4 /* SimDirsApp.swift in Sources */,
				C982F871283CE7B800D491F4 /* SimRuntime.swift in Sources */,
				C95CC0FA28B2414900928FAE /* SystemIconButtonStyle.swift in Sources */,
				C9EE0CD228478FDB00E9B97A /* PathRow.swift in Sources */,
				C982F86B283BA22100D491F4 /* SimPlatform.swift in Sources */,
				C927A0D92846414900533D66 /* Helpers.swift in Sources */,
				C90BCE462861D57100C2EF35 /* DeviceHeader.swift in Sources */,
				C966877329B7641F007BB3F5 /* NodeListBuilder.swift in Sources */,
				C982F879283D042E00D491F4 /* SimModel.swift in Sources */,
				C982F87B283E40C800D491F4 /* SimCtl.swift in Sources */,
				C966876E29B7641F007BB3F5 /* SimProductFamily+Node.swift in Sources */,
				C95CC0F828B2411700928FAE /* AppearanceButtonStyle.swift in Sources */,
			);
			runOnlyForDeploymentPostprocessing = 0;
		};
/* End PBXSourcesBuildPhase section */

/* Begin XCBuildConfiguration section */
		C982F862283B9F9200D491F4 /* Debug */ = {
			isa = XCBuildConfiguration;
			buildSettings = {
				ALWAYS_SEARCH_USER_PATHS = NO;
				CLANG_ANALYZER_NONNULL = YES;
				CLANG_ANALYZER_NUMBER_OBJECT_CONVERSION = YES_AGGRESSIVE;
				CLANG_CXX_LANGUAGE_STANDARD = "gnu++17";
				CLANG_ENABLE_MODULES = YES;
				CLANG_ENABLE_OBJC_ARC = YES;
				CLANG_ENABLE_OBJC_WEAK = YES;
				CLANG_WARN_BLOCK_CAPTURE_AUTORELEASING = YES;
				CLANG_WARN_BOOL_CONVERSION = YES;
				CLANG_WARN_COMMA = YES;
				CLANG_WARN_CONSTANT_CONVERSION = YES;
				CLANG_WARN_DEPRECATED_OBJC_IMPLEMENTATIONS = YES;
				CLANG_WARN_DIRECT_OBJC_ISA_USAGE = YES_ERROR;
				CLANG_WARN_DOCUMENTATION_COMMENTS = YES;
				CLANG_WARN_EMPTY_BODY = YES;
				CLANG_WARN_ENUM_CONVERSION = YES;
				CLANG_WARN_INFINITE_RECURSION = YES;
				CLANG_WARN_INT_CONVERSION = YES;
				CLANG_WARN_NON_LITERAL_NULL_CONVERSION = YES;
				CLANG_WARN_OBJC_IMPLICIT_RETAIN_SELF = YES;
				CLANG_WARN_OBJC_LITERAL_CONVERSION = YES;
				CLANG_WARN_OBJC_ROOT_CLASS = YES_ERROR;
				CLANG_WARN_QUOTED_INCLUDE_IN_FRAMEWORK_HEADER = YES;
				CLANG_WARN_RANGE_LOOP_ANALYSIS = YES;
				CLANG_WARN_STRICT_PROTOTYPES = YES;
				CLANG_WARN_SUSPICIOUS_MOVE = YES;
				CLANG_WARN_UNGUARDED_AVAILABILITY = YES_AGGRESSIVE;
				CLANG_WARN_UNREACHABLE_CODE = YES;
				CLANG_WARN__DUPLICATE_METHOD_MATCH = YES;
				COPY_PHASE_STRIP = NO;
				DEBUG_INFORMATION_FORMAT = dwarf;
				ENABLE_STRICT_OBJC_MSGSEND = YES;
				ENABLE_TESTABILITY = YES;
				GCC_C_LANGUAGE_STANDARD = gnu11;
				GCC_DYNAMIC_NO_PIC = NO;
				GCC_NO_COMMON_BLOCKS = YES;
				GCC_OPTIMIZATION_LEVEL = 0;
				GCC_PREPROCESSOR_DEFINITIONS = (
					"DEBUG=1",
					"$(inherited)",
				);
				GCC_WARN_64_TO_32_BIT_CONVERSION = YES;
				GCC_WARN_ABOUT_RETURN_TYPE = YES_ERROR;
				GCC_WARN_UNDECLARED_SELECTOR = YES;
				GCC_WARN_UNINITIALIZED_AUTOS = YES_AGGRESSIVE;
				GCC_WARN_UNUSED_FUNCTION = YES;
				GCC_WARN_UNUSED_VARIABLE = YES;
				MACOSX_DEPLOYMENT_TARGET = 12.3;
				MTL_ENABLE_DEBUG_INFO = INCLUDE_SOURCE;
				MTL_FAST_MATH = YES;
				ONLY_ACTIVE_ARCH = YES;
				SDKROOT = macosx;
				SWIFT_ACTIVE_COMPILATION_CONDITIONS = DEBUG;
				SWIFT_OPTIMIZATION_LEVEL = "-Onone";
			};
			name = Debug;
		};
		C982F863283B9F9200D491F4 /* Release */ = {
			isa = XCBuildConfiguration;
			buildSettings = {
				ALWAYS_SEARCH_USER_PATHS = NO;
				CLANG_ANALYZER_NONNULL = YES;
				CLANG_ANALYZER_NUMBER_OBJECT_CONVERSION = YES_AGGRESSIVE;
				CLANG_CXX_LANGUAGE_STANDARD = "gnu++17";
				CLANG_ENABLE_MODULES = YES;
				CLANG_ENABLE_OBJC_ARC = YES;
				CLANG_ENABLE_OBJC_WEAK = YES;
				CLANG_WARN_BLOCK_CAPTURE_AUTORELEASING = YES;
				CLANG_WARN_BOOL_CONVERSION = YES;
				CLANG_WARN_COMMA = YES;
				CLANG_WARN_CONSTANT_CONVERSION = YES;
				CLANG_WARN_DEPRECATED_OBJC_IMPLEMENTATIONS = YES;
				CLANG_WARN_DIRECT_OBJC_ISA_USAGE = YES_ERROR;
				CLANG_WARN_DOCUMENTATION_COMMENTS = YES;
				CLANG_WARN_EMPTY_BODY = YES;
				CLANG_WARN_ENUM_CONVERSION = YES;
				CLANG_WARN_INFINITE_RECURSION = YES;
				CLANG_WARN_INT_CONVERSION = YES;
				CLANG_WARN_NON_LITERAL_NULL_CONVERSION = YES;
				CLANG_WARN_OBJC_IMPLICIT_RETAIN_SELF = YES;
				CLANG_WARN_OBJC_LITERAL_CONVERSION = YES;
				CLANG_WARN_OBJC_ROOT_CLASS = YES_ERROR;
				CLANG_WARN_QUOTED_INCLUDE_IN_FRAMEWORK_HEADER = YES;
				CLANG_WARN_RANGE_LOOP_ANALYSIS = YES;
				CLANG_WARN_STRICT_PROTOTYPES = YES;
				CLANG_WARN_SUSPICIOUS_MOVE = YES;
				CLANG_WARN_UNGUARDED_AVAILABILITY = YES_AGGRESSIVE;
				CLANG_WARN_UNREACHABLE_CODE = YES;
				CLANG_WARN__DUPLICATE_METHOD_MATCH = YES;
				COPY_PHASE_STRIP = NO;
				DEBUG_INFORMATION_FORMAT = "dwarf-with-dsym";
				ENABLE_NS_ASSERTIONS = NO;
				ENABLE_STRICT_OBJC_MSGSEND = YES;
				GCC_C_LANGUAGE_STANDARD = gnu11;
				GCC_NO_COMMON_BLOCKS = YES;
				GCC_WARN_64_TO_32_BIT_CONVERSION = YES;
				GCC_WARN_ABOUT_RETURN_TYPE = YES_ERROR;
				GCC_WARN_UNDECLARED_SELECTOR = YES;
				GCC_WARN_UNINITIALIZED_AUTOS = YES_AGGRESSIVE;
				GCC_WARN_UNUSED_FUNCTION = YES;
				GCC_WARN_UNUSED_VARIABLE = YES;
				MACOSX_DEPLOYMENT_TARGET = 12.3;
				MTL_ENABLE_DEBUG_INFO = NO;
				MTL_FAST_MATH = YES;
				SDKROOT = macosx;
				SWIFT_COMPILATION_MODE = wholemodule;
				SWIFT_OPTIMIZATION_LEVEL = "-O";
			};
			name = Release;
		};
		C982F865283B9F9200D491F4 /* Debug */ = {
			isa = XCBuildConfiguration;
			buildSettings = {
				ASSETCATALOG_COMPILER_APPICON_NAME = AppIcon;
				ASSETCATALOG_COMPILER_GLOBAL_ACCENT_COLOR_NAME = AccentColor;
				CODE_SIGN_ENTITLEMENTS = SimDirs/SimDirs.entitlements;
				CODE_SIGN_STYLE = Automatic;
				COMBINE_HIDPI_IMAGES = YES;
				CURRENT_PROJECT_VERSION = 1;
				DEVELOPMENT_ASSET_PATHS = "\"SimDirs/Preview Content\"";
				ENABLE_PREVIEWS = YES;
				GENERATE_INFOPLIST_FILE = YES;
				INFOPLIST_KEY_LSApplicationCategoryType = "public.app-category.developer-tools";
				INFOPLIST_KEY_NSHumanReadableCopyright = "";
				LD_RUNPATH_SEARCH_PATHS = (
					"$(inherited)",
					"@executable_path/../Frameworks",
				);
				MACOSX_DEPLOYMENT_TARGET = 12.0;
				MARKETING_VERSION = 0.7;
				PRODUCT_BUNDLE_IDENTIFIER = com.sgntn.SimDirs;
				PRODUCT_NAME = "$(TARGET_NAME)";
				SWIFT_EMIT_LOC_STRINGS = YES;
				SWIFT_VERSION = 5.0;
			};
			name = Debug;
		};
		C982F866283B9F9200D491F4 /* Release */ = {
			isa = XCBuildConfiguration;
			buildSettings = {
				ASSETCATALOG_COMPILER_APPICON_NAME = AppIcon;
				ASSETCATALOG_COMPILER_GLOBAL_ACCENT_COLOR_NAME = AccentColor;
				CODE_SIGN_ENTITLEMENTS = SimDirs/SimDirs.entitlements;
				CODE_SIGN_STYLE = Automatic;
				COMBINE_HIDPI_IMAGES = YES;
				CURRENT_PROJECT_VERSION = 1;
				DEVELOPMENT_ASSET_PATHS = "\"SimDirs/Preview Content\"";
				ENABLE_PREVIEWS = YES;
				GENERATE_INFOPLIST_FILE = YES;
				INFOPLIST_KEY_LSApplicationCategoryType = "public.app-category.developer-tools";
				INFOPLIST_KEY_NSHumanReadableCopyright = "";
				LD_RUNPATH_SEARCH_PATHS = (
					"$(inherited)",
					"@executable_path/../Frameworks",
				);
				MACOSX_DEPLOYMENT_TARGET = 12.0;
				MARKETING_VERSION = 0.7;
				PRODUCT_BUNDLE_IDENTIFIER = com.sgntn.SimDirs;
				PRODUCT_NAME = "$(TARGET_NAME)";
				SWIFT_EMIT_LOC_STRINGS = YES;
				SWIFT_VERSION = 5.0;
			};
			name = Release;
		};
/* End XCBuildConfiguration section */

/* Begin XCConfigurationList section */
		C982F850283B9F9000D491F4 /* Build configuration list for PBXProject "SimDirs" */ = {
			isa = XCConfigurationList;
			buildConfigurations = (
				C982F862283B9F9200D491F4 /* Debug */,
				C982F863283B9F9200D491F4 /* Release */,
			);
			defaultConfigurationIsVisible = 0;
			defaultConfigurationName = Release;
		};
		C982F864283B9F9200D491F4 /* Build configuration list for PBXNativeTarget "SimDirs" */ = {
			isa = XCConfigurationList;
			buildConfigurations = (
				C982F865283B9F9200D491F4 /* Debug */,
				C982F866283B9F9200D491F4 /* Release */,
			);
			defaultConfigurationIsVisible = 0;
			defaultConfigurationName = Release;
		};
/* End XCConfigurationList section */
	};
	rootObject = C982F84D283B9F9000D491F4 /* Project object */;
}
