// !$*UTF8*$!
{
	archiveVersion = 1;
	classes = {
	};
	objectVersion = 55;
	objects = {

/* Begin PBXBuildFile section */
		C927A0D92846414900533D66 /* Helpers.swift in Sources */ = {isa = PBXBuildFile; fileRef = C927A0D82846414900533D66 /* Helpers.swift */; };
		C927A0DB2846502300533D66 /* PathActions.swift in Sources */ = {isa = PBXBuildFile; fileRef = C927A0DA2846502300533D66 /* PathActions.swift */; };
		C94C52C52844E7D400E2129E /* SimItemList.swift in Sources */ = {isa = PBXBuildFile; fileRef = C94C52C42844E7D400E2129E /* SimItemList.swift */; };
		C94C52C72844E80A00E2129E /* SimItemRow.swift in Sources */ = {isa = PBXBuildFile; fileRef = C94C52C62844E80A00E2129E /* SimItemRow.swift */; };
		C94C52C92844E99B00E2129E /* SimItemContent.swift in Sources */ = {isa = PBXBuildFile; fileRef = C94C52C82844E99B00E2129E /* SimItemContent.swift */; };
		C94C52CB2844EAAC00E2129E /* RuntimeView.swift in Sources */ = {isa = PBXBuildFile; fileRef = C94C52CA2844EAAC00E2129E /* RuntimeView.swift */; };
		C982F859283B9F9000D491F4 /* SimDirsApp.swift in Sources */ = {isa = PBXBuildFile; fileRef = C982F858283B9F9000D491F4 /* SimDirsApp.swift */; };
		C982F85B283B9F9000D491F4 /* ContentView.swift in Sources */ = {isa = PBXBuildFile; fileRef = C982F85A283B9F9000D491F4 /* ContentView.swift */; };
		C982F85D283B9F9200D491F4 /* Assets.xcassets in Resources */ = {isa = PBXBuildFile; fileRef = C982F85C283B9F9200D491F4 /* Assets.xcassets */; };
		C982F860283B9F9200D491F4 /* Preview Assets.xcassets in Resources */ = {isa = PBXBuildFile; fileRef = C982F85F283B9F9200D491F4 /* Preview Assets.xcassets */; };
		C982F86B283BA22100D491F4 /* SimPlatform.swift in Sources */ = {isa = PBXBuildFile; fileRef = C982F86A283BA22100D491F4 /* SimPlatform.swift */; };
		C982F871283CE7B800D491F4 /* SimRuntime.swift in Sources */ = {isa = PBXBuildFile; fileRef = C982F870283CE7B800D491F4 /* SimRuntime.swift */; };
		C982F873283CE9AD00D491F4 /* SimDeviceType.swift in Sources */ = {isa = PBXBuildFile; fileRef = C982F872283CE9AD00D491F4 /* SimDeviceType.swift */; };
		C982F875283CEEBB00D491F4 /* SimDevice.swift in Sources */ = {isa = PBXBuildFile; fileRef = C982F874283CEEBB00D491F4 /* SimDevice.swift */; };
		C982F877283D020C00D491F4 /* SimProductFamily.swift in Sources */ = {isa = PBXBuildFile; fileRef = C982F876283D020C00D491F4 /* SimProductFamily.swift */; };
		C982F879283D042E00D491F4 /* SimModel.swift in Sources */ = {isa = PBXBuildFile; fileRef = C982F878283D042E00D491F4 /* SimModel.swift */; };
		C982F87B283E40C800D491F4 /* SimCtl.swift in Sources */ = {isa = PBXBuildFile; fileRef = C982F87A283E40C800D491F4 /* SimCtl.swift */; };
		C982F87E283E57B200D491F4 /* PresentableModel.swift in Sources */ = {isa = PBXBuildFile; fileRef = C982F87D283E57B200D491F4 /* PresentableModel.swift */; };
		C982F880283E57E600D491F4 /* PresentationItem.swift in Sources */ = {isa = PBXBuildFile; fileRef = C982F87F283E57E600D491F4 /* PresentationItem.swift */; };
		C982F883283E813F00D491F4 /* DeviceTypeView.swift in Sources */ = {isa = PBXBuildFile; fileRef = C982F882283E813F00D491F4 /* DeviceTypeView.swift */; };
		C9D729F128478AB00064152D /* DeviceView.swift in Sources */ = {isa = PBXBuildFile; fileRef = C9D729F028478AB00064152D /* DeviceView.swift */; };
		C9EE0CD228478FDB00E9B97A /* PathRow.swift in Sources */ = {isa = PBXBuildFile; fileRef = C9EE0CD128478FDB00E9B97A /* PathRow.swift */; };
		C9EE0CD42847B79E00E9B97A /* SimApp.swift in Sources */ = {isa = PBXBuildFile; fileRef = C9EE0CD32847B79E00E9B97A /* SimApp.swift */; };
/* End PBXBuildFile section */

/* Begin PBXFileReference section */
		C927A0D82846414900533D66 /* Helpers.swift */ = {isa = PBXFileReference; lastKnownFileType = sourcecode.swift; path = Helpers.swift; sourceTree = "<group>"; };
		C927A0DA2846502300533D66 /* PathActions.swift */ = {isa = PBXFileReference; lastKnownFileType = sourcecode.swift; path = PathActions.swift; sourceTree = "<group>"; };
		C94C52C42844E7D400E2129E /* SimItemList.swift */ = {isa = PBXFileReference; lastKnownFileType = sourcecode.swift; path = SimItemList.swift; sourceTree = "<group>"; };
		C94C52C62844E80A00E2129E /* SimItemRow.swift */ = {isa = PBXFileReference; lastKnownFileType = sourcecode.swift; path = SimItemRow.swift; sourceTree = "<group>"; };
		C94C52C82844E99B00E2129E /* SimItemContent.swift */ = {isa = PBXFileReference; lastKnownFileType = sourcecode.swift; path = SimItemContent.swift; sourceTree = "<group>"; };
		C94C52CA2844EAAC00E2129E /* RuntimeView.swift */ = {isa = PBXFileReference; lastKnownFileType = sourcecode.swift; path = RuntimeView.swift; sourceTree = "<group>"; };
		C982F855283B9F9000D491F4 /* SimDirs.app */ = {isa = PBXFileReference; explicitFileType = wrapper.application; includeInIndex = 0; path = SimDirs.app; sourceTree = BUILT_PRODUCTS_DIR; };
		C982F858283B9F9000D491F4 /* SimDirsApp.swift */ = {isa = PBXFileReference; lastKnownFileType = sourcecode.swift; path = SimDirsApp.swift; sourceTree = "<group>"; };
		C982F85A283B9F9000D491F4 /* ContentView.swift */ = {isa = PBXFileReference; lastKnownFileType = sourcecode.swift; path = ContentView.swift; sourceTree = "<group>"; };
		C982F85C283B9F9200D491F4 /* Assets.xcassets */ = {isa = PBXFileReference; lastKnownFileType = folder.assetcatalog; path = Assets.xcassets; sourceTree = "<group>"; };
		C982F85F283B9F9200D491F4 /* Preview Assets.xcassets */ = {isa = PBXFileReference; lastKnownFileType = folder.assetcatalog; path = "Preview Assets.xcassets"; sourceTree = "<group>"; };
		C982F861283B9F9200D491F4 /* SimDirs.entitlements */ = {isa = PBXFileReference; lastKnownFileType = text.plist.entitlements; path = SimDirs.entitlements; sourceTree = "<group>"; };
		C982F86A283BA22100D491F4 /* SimPlatform.swift */ = {isa = PBXFileReference; lastKnownFileType = sourcecode.swift; path = SimPlatform.swift; sourceTree = "<group>"; };
		C982F870283CE7B800D491F4 /* SimRuntime.swift */ = {isa = PBXFileReference; lastKnownFileType = sourcecode.swift; path = SimRuntime.swift; sourceTree = "<group>"; };
		C982F872283CE9AD00D491F4 /* SimDeviceType.swift */ = {isa = PBXFileReference; lastKnownFileType = sourcecode.swift; path = SimDeviceType.swift; sourceTree = "<group>"; };
		C982F874283CEEBB00D491F4 /* SimDevice.swift */ = {isa = PBXFileReference; lastKnownFileType = sourcecode.swift; path = SimDevice.swift; sourceTree = "<group>"; };
		C982F876283D020C00D491F4 /* SimProductFamily.swift */ = {isa = PBXFileReference; lastKnownFileType = sourcecode.swift; path = SimProductFamily.swift; sourceTree = "<group>"; };
		C982F878283D042E00D491F4 /* SimModel.swift */ = {isa = PBXFileReference; lastKnownFileType = sourcecode.swift; path = SimModel.swift; sourceTree = "<group>"; };
		C982F87A283E40C800D491F4 /* SimCtl.swift */ = {isa = PBXFileReference; fileEncoding = 4; lastKnownFileType = sourcecode.swift; path = SimCtl.swift; sourceTree = "<group>"; };
		C982F87D283E57B200D491F4 /* PresentableModel.swift */ = {isa = PBXFileReference; lastKnownFileType = sourcecode.swift; path = PresentableModel.swift; sourceTree = "<group>"; };
		C982F87F283E57E600D491F4 /* PresentationItem.swift */ = {isa = PBXFileReference; lastKnownFileType = sourcecode.swift; path = PresentationItem.swift; sourceTree = "<group>"; };
		C982F882283E813F00D491F4 /* DeviceTypeView.swift */ = {isa = PBXFileReference; lastKnownFileType = sourcecode.swift; path = DeviceTypeView.swift; sourceTree = "<group>"; };
		C9D729F028478AB00064152D /* DeviceView.swift */ = {isa = PBXFileReference; lastKnownFileType = sourcecode.swift; path = DeviceView.swift; sourceTree = "<group>"; };
		C9EE0CD128478FDB00E9B97A /* PathRow.swift */ = {isa = PBXFileReference; lastKnownFileType = sourcecode.swift; path = PathRow.swift; sourceTree = "<group>"; };
		C9EE0CD32847B79E00E9B97A /* SimApp.swift */ = {isa = PBXFileReference; lastKnownFileType = sourcecode.swift; path = SimApp.swift; sourceTree = "<group>"; };
/* End PBXFileReference section */

/* Begin PBXFrameworksBuildPhase section */
		C982F852283B9F9000D491F4 /* Frameworks */ = {
			isa = PBXFrameworksBuildPhase;
			buildActionMask = 2147483647;
			files = (
			);
			runOnlyForDeploymentPostprocessing = 0;
		};
/* End PBXFrameworksBuildPhase section */

/* Begin PBXGroup section */
		C982F84C283B9F9000D491F4 = {
			isa = PBXGroup;
			children = (
				C982F857283B9F9000D491F4 /* SimDirs */,
				C982F856283B9F9000D491F4 /* Products */,
			);
			sourceTree = "<group>";
		};
		C982F856283B9F9000D491F4 /* Products */ = {
			isa = PBXGroup;
			children = (
				C982F855283B9F9000D491F4 /* SimDirs.app */,
			);
			name = Products;
			sourceTree = "<group>";
		};
		C982F857283B9F9000D491F4 /* SimDirs */ = {
			isa = PBXGroup;
			children = (
				C982F858283B9F9000D491F4 /* SimDirsApp.swift */,
				C982F85A283B9F9000D491F4 /* ContentView.swift */,
				C927A0D82846414900533D66 /* Helpers.swift */,
				C982F867283BA09B00D491F4 /* Model */,
				C982F881283E7F0400D491F4 /* Views */,
				C982F85C283B9F9200D491F4 /* Assets.xcassets */,
				C982F861283B9F9200D491F4 /* SimDirs.entitlements */,
				C982F85E283B9F9200D491F4 /* Preview Content */,
			);
			path = SimDirs;
			sourceTree = "<group>";
		};
		C982F85E283B9F9200D491F4 /* Preview Content */ = {
			isa = PBXGroup;
			children = (
				C982F85F283B9F9200D491F4 /* Preview Assets.xcassets */,
			);
			path = "Preview Content";
			sourceTree = "<group>";
		};
		C982F867283BA09B00D491F4 /* Model */ = {
			isa = PBXGroup;
			children = (
				C982F87C283E579900D491F4 /* Presentation */,
				C982F87A283E40C800D491F4 /* SimCtl.swift */,
				C982F878283D042E00D491F4 /* SimModel.swift */,
				C9EE0CD32847B79E00E9B97A /* SimApp.swift */,
				C982F874283CEEBB00D491F4 /* SimDevice.swift */,
				C982F872283CE9AD00D491F4 /* SimDeviceType.swift */,
				C982F86A283BA22100D491F4 /* SimPlatform.swift */,
				C982F876283D020C00D491F4 /* SimProductFamily.swift */,
				C982F870283CE7B800D491F4 /* SimRuntime.swift */,
			);
			path = Model;
			sourceTree = "<group>";
		};
		C982F87C283E579900D491F4 /* Presentation */ = {
			isa = PBXGroup;
			children = (
				C982F87D283E57B200D491F4 /* PresentableModel.swift */,
				C982F87F283E57E600D491F4 /* PresentationItem.swift */,
			);
			path = Presentation;
			sourceTree = "<group>";
		};
		C982F881283E7F0400D491F4 /* Views */ = {
			isa = PBXGroup;
			children = (
				C982F882283E813F00D491F4 /* DeviceTypeView.swift */,
				C9D729F028478AB00064152D /* DeviceView.swift */,
				C927A0DA2846502300533D66 /* PathActions.swift */,
				C9EE0CD128478FDB00E9B97A /* PathRow.swift */,
				C94C52CA2844EAAC00E2129E /* RuntimeView.swift */,
				C94C52C82844E99B00E2129E /* SimItemContent.swift */,
				C94C52C42844E7D400E2129E /* SimItemList.swift */,
				C94C52C62844E80A00E2129E /* SimItemRow.swift */,
			);
			path = Views;
			sourceTree = "<group>";
		};
/* End PBXGroup section */

/* Begin PBXNativeTarget section */
		C982F854283B9F9000D491F4 /* SimDirs */ = {
			isa = PBXNativeTarget;
			buildConfigurationList = C982F864283B9F9200D491F4 /* Build configuration list for PBXNativeTarget "SimDirs" */;
			buildPhases = (
				C982F851283B9F9000D491F4 /* Sources */,
				C982F852283B9F9000D491F4 /* Frameworks */,
				C982F853283B9F9000D491F4 /* Resources */,
			);
			buildRules = (
			);
			dependencies = (
			);
			name = SimDirs;
			productName = SimDirs;
			productReference = C982F855283B9F9000D491F4 /* SimDirs.app */;
			productType = "com.apple.product-type.application";
		};
/* End PBXNativeTarget section */

/* Begin PBXProject section */
		C982F84D283B9F9000D491F4 /* Project object */ = {
			isa = PBXProject;
			attributes = {
				BuildIndependentTargetsInParallel = 1;
				LastSwiftUpdateCheck = 1340;
				LastUpgradeCheck = 1340;
				TargetAttributes = {
					C982F854283B9F9000D491F4 = {
						CreatedOnToolsVersion = 13.4;
					};
				};
			};
			buildConfigurationList = C982F850283B9F9000D491F4 /* Build configuration list for PBXProject "SimDirs" */;
			compatibilityVersion = "Xcode 13.0";
			developmentRegion = en;
			hasScannedForEncodings = 0;
			knownRegions = (
				en,
				Base,
			);
			mainGroup = C982F84C283B9F9000D491F4;
			productRefGroup = C982F856283B9F9000D491F4 /* Products */;
			projectDirPath = "";
			projectRoot = "";
			targets = (
				C982F854283B9F9000D491F4 /* SimDirs */,
			);
		};
/* End PBXProject section */

/* Begin PBXResourcesBuildPhase section */
		C982F853283B9F9000D491F4 /* Resources */ = {
			isa = PBXResourcesBuildPhase;
			buildActionMask = 2147483647;
			files = (
				C982F860283B9F9200D491F4 /* Preview Assets.xcassets in Resources */,
				C982F85D283B9F9200D491F4 /* Assets.xcassets in Resources */,
			);
			runOnlyForDeploymentPostprocessing = 0;
		};
/* End PBXResourcesBuildPhase section */

/* Begin PBXSourcesBuildPhase section */
		C982F851283B9F9000D491F4 /* Sources */ = {
			isa = PBXSourcesBuildPhase;
			buildActionMask = 2147483647;
			files = (
				C982F883283E813F00D491F4 /* DeviceTypeView.swift in Sources */,
				C94C52C92844E99B00E2129E /* SimItemContent.swift in Sources */,
				C927A0DB2846502300533D66 /* PathActions.swift in Sources */,
				C9EE0CD42847B79E00E9B97A /* SimApp.swift in Sources */,
				C982F85B283B9F9000D491F4 /* ContentView.swift in Sources */,
				C982F875283CEEBB00D491F4 /* SimDevice.swift in Sources */,
				C982F873283CE9AD00D491F4 /* SimDeviceType.swift in Sources */,
				C982F877283D020C00D491F4 /* SimProductFamily.swift in Sources */,
				C982F859283B9F9000D491F4 /* SimDirsApp.swift in Sources */,
				C982F871283CE7B800D491F4 /* SimRuntime.swift in Sources */,
				C9EE0CD228478FDB00E9B97A /* PathRow.swift in Sources */,
				C94C52C72844E80A00E2129E /* SimItemRow.swift in Sources */,
				C982F86B283BA22100D491F4 /* SimPlatform.swift in Sources */,
				C927A0D92846414900533D66 /* Helpers.swift in Sources */,
				C982F87E283E57B200D491F4 /* PresentableModel.swift in Sources */,
				C94C52CB2844EAAC00E2129E /* RuntimeView.swift in Sources */,
				C982F880283E57E600D491F4 /* PresentationItem.swift in Sources */,
				C982F879283D042E00D491F4 /* SimModel.swift in Sources */,
				C9D729F128478AB00064152D /* DeviceView.swift in Sources */,
				C94C52C52844E7D400E2129E /* SimItemList.swift in Sources */,
				C982F87B283E40C800D491F4 /* SimCtl.swift in Sources */,
			);
			runOnlyForDeploymentPostprocessing = 0;
		};
/* End PBXSourcesBuildPhase section */

/* Begin XCBuildConfiguration section */
		C982F862283B9F9200D491F4 /* Debug */ = {
			isa = XCBuildConfiguration;
			buildSettings = {
				ALWAYS_SEARCH_USER_PATHS = NO;
				CLANG_ANALYZER_NONNULL = YES;
				CLANG_ANALYZER_NUMBER_OBJECT_CONVERSION = YES_AGGRESSIVE;
				CLANG_CXX_LANGUAGE_STANDARD = "gnu++17";
				CLANG_ENABLE_MODULES = YES;
				CLANG_ENABLE_OBJC_ARC = YES;
				CLANG_ENABLE_OBJC_WEAK = YES;
				CLANG_WARN_BLOCK_CAPTURE_AUTORELEASING = YES;
				CLANG_WARN_BOOL_CONVERSION = YES;
				CLANG_WARN_COMMA = YES;
				CLANG_WARN_CONSTANT_CONVERSION = YES;
				CLANG_WARN_DEPRECATED_OBJC_IMPLEMENTATIONS = YES;
				CLANG_WARN_DIRECT_OBJC_ISA_USAGE = YES_ERROR;
				CLANG_WARN_DOCUMENTATION_COMMENTS = YES;
				CLANG_WARN_EMPTY_BODY = YES;
				CLANG_WARN_ENUM_CONVERSION = YES;
				CLANG_WARN_INFINITE_RECURSION = YES;
				CLANG_WARN_INT_CONVERSION = YES;
				CLANG_WARN_NON_LITERAL_NULL_CONVERSION = YES;
				CLANG_WARN_OBJC_IMPLICIT_RETAIN_SELF = YES;
				CLANG_WARN_OBJC_LITERAL_CONVERSION = YES;
				CLANG_WARN_OBJC_ROOT_CLASS = YES_ERROR;
				CLANG_WARN_QUOTED_INCLUDE_IN_FRAMEWORK_HEADER = YES;
				CLANG_WARN_RANGE_LOOP_ANALYSIS = YES;
				CLANG_WARN_STRICT_PROTOTYPES = YES;
				CLANG_WARN_SUSPICIOUS_MOVE = YES;
				CLANG_WARN_UNGUARDED_AVAILABILITY = YES_AGGRESSIVE;
				CLANG_WARN_UNREACHABLE_CODE = YES;
				CLANG_WARN__DUPLICATE_METHOD_MATCH = YES;
				COPY_PHASE_STRIP = NO;
				DEBUG_INFORMATION_FORMAT = dwarf;
				ENABLE_STRICT_OBJC_MSGSEND = YES;
				ENABLE_TESTABILITY = YES;
				GCC_C_LANGUAGE_STANDARD = gnu11;
				GCC_DYNAMIC_NO_PIC = NO;
				GCC_NO_COMMON_BLOCKS = YES;
				GCC_OPTIMIZATION_LEVEL = 0;
				GCC_PREPROCESSOR_DEFINITIONS = (
					"DEBUG=1",
					"$(inherited)",
				);
				GCC_WARN_64_TO_32_BIT_CONVERSION = YES;
				GCC_WARN_ABOUT_RETURN_TYPE = YES_ERROR;
				GCC_WARN_UNDECLARED_SELECTOR = YES;
				GCC_WARN_UNINITIALIZED_AUTOS = YES_AGGRESSIVE;
				GCC_WARN_UNUSED_FUNCTION = YES;
				GCC_WARN_UNUSED_VARIABLE = YES;
				MACOSX_DEPLOYMENT_TARGET = 12.3;
				MTL_ENABLE_DEBUG_INFO = INCLUDE_SOURCE;
				MTL_FAST_MATH = YES;
				ONLY_ACTIVE_ARCH = YES;
				SDKROOT = macosx;
				SWIFT_ACTIVE_COMPILATION_CONDITIONS = DEBUG;
				SWIFT_OPTIMIZATION_LEVEL = "-Onone";
			};
			name = Debug;
		};
		C982F863283B9F9200D491F4 /* Release */ = {
			isa = XCBuildConfiguration;
			buildSettings = {
				ALWAYS_SEARCH_USER_PATHS = NO;
				CLANG_ANALYZER_NONNULL = YES;
				CLANG_ANALYZER_NUMBER_OBJECT_CONVERSION = YES_AGGRESSIVE;
				CLANG_CXX_LANGUAGE_STANDARD = "gnu++17";
				CLANG_ENABLE_MODULES = YES;
				CLANG_ENABLE_OBJC_ARC = YES;
				CLANG_ENABLE_OBJC_WEAK = YES;
				CLANG_WARN_BLOCK_CAPTURE_AUTORELEASING = YES;
				CLANG_WARN_BOOL_CONVERSION = YES;
				CLANG_WARN_COMMA = YES;
				CLANG_WARN_CONSTANT_CONVERSION = YES;
				CLANG_WARN_DEPRECATED_OBJC_IMPLEMENTATIONS = YES;
				CLANG_WARN_DIRECT_OBJC_ISA_USAGE = YES_ERROR;
				CLANG_WARN_DOCUMENTATION_COMMENTS = YES;
				CLANG_WARN_EMPTY_BODY = YES;
				CLANG_WARN_ENUM_CONVERSION = YES;
				CLANG_WARN_INFINITE_RECURSION = YES;
				CLANG_WARN_INT_CONVERSION = YES;
				CLANG_WARN_NON_LITERAL_NULL_CONVERSION = YES;
				CLANG_WARN_OBJC_IMPLICIT_RETAIN_SELF = YES;
				CLANG_WARN_OBJC_LITERAL_CONVERSION = YES;
				CLANG_WARN_OBJC_ROOT_CLASS = YES_ERROR;
				CLANG_WARN_QUOTED_INCLUDE_IN_FRAMEWORK_HEADER = YES;
				CLANG_WARN_RANGE_LOOP_ANALYSIS = YES;
				CLANG_WARN_STRICT_PROTOTYPES = YES;
				CLANG_WARN_SUSPICIOUS_MOVE = YES;
				CLANG_WARN_UNGUARDED_AVAILABILITY = YES_AGGRESSIVE;
				CLANG_WARN_UNREACHABLE_CODE = YES;
				CLANG_WARN__DUPLICATE_METHOD_MATCH = YES;
				COPY_PHASE_STRIP = NO;
				DEBUG_INFORMATION_FORMAT = "dwarf-with-dsym";
				ENABLE_NS_ASSERTIONS = NO;
				ENABLE_STRICT_OBJC_MSGSEND = YES;
				GCC_C_LANGUAGE_STANDARD = gnu11;
				GCC_NO_COMMON_BLOCKS = YES;
				GCC_WARN_64_TO_32_BIT_CONVERSION = YES;
				GCC_WARN_ABOUT_RETURN_TYPE = YES_ERROR;
				GCC_WARN_UNDECLARED_SELECTOR = YES;
				GCC_WARN_UNINITIALIZED_AUTOS = YES_AGGRESSIVE;
				GCC_WARN_UNUSED_FUNCTION = YES;
				GCC_WARN_UNUSED_VARIABLE = YES;
				MACOSX_DEPLOYMENT_TARGET = 12.3;
				MTL_ENABLE_DEBUG_INFO = NO;
				MTL_FAST_MATH = YES;
				SDKROOT = macosx;
				SWIFT_COMPILATION_MODE = wholemodule;
				SWIFT_OPTIMIZATION_LEVEL = "-O";
			};
			name = Release;
		};
		C982F865283B9F9200D491F4 /* Debug */ = {
			isa = XCBuildConfiguration;
			buildSettings = {
				ASSETCATALOG_COMPILER_APPICON_NAME = AppIcon;
				ASSETCATALOG_COMPILER_GLOBAL_ACCENT_COLOR_NAME = AccentColor;
				CODE_SIGN_ENTITLEMENTS = SimDirs/SimDirs.entitlements;
				CODE_SIGN_STYLE = Automatic;
				COMBINE_HIDPI_IMAGES = YES;
				CURRENT_PROJECT_VERSION = 1;
				DEVELOPMENT_ASSET_PATHS = "\"SimDirs/Preview Content\"";
				ENABLE_PREVIEWS = YES;
				GENERATE_INFOPLIST_FILE = YES;
				INFOPLIST_KEY_NSHumanReadableCopyright = "";
				LD_RUNPATH_SEARCH_PATHS = (
					"$(inherited)",
					"@executable_path/../Frameworks",
				);
				MARKETING_VERSION = 1.0;
				PRODUCT_BUNDLE_IDENTIFIER = com.sgntn.SimDirs;
				PRODUCT_NAME = "$(TARGET_NAME)";
				SWIFT_EMIT_LOC_STRINGS = YES;
				SWIFT_VERSION = 5.0;
			};
			name = Debug;
		};
		C982F866283B9F9200D491F4 /* Release */ = {
			isa = XCBuildConfiguration;
			buildSettings = {
				ASSETCATALOG_COMPILER_APPICON_NAME = AppIcon;
				ASSETCATALOG_COMPILER_GLOBAL_ACCENT_COLOR_NAME = AccentColor;
				CODE_SIGN_ENTITLEMENTS = SimDirs/SimDirs.entitlements;
				CODE_SIGN_STYLE = Automatic;
				COMBINE_HIDPI_IMAGES = YES;
				CURRENT_PROJECT_VERSION = 1;
				DEVELOPMENT_ASSET_PATHS = "\"SimDirs/Preview Content\"";
				ENABLE_PREVIEWS = YES;
				GENERATE_INFOPLIST_FILE = YES;
				INFOPLIST_KEY_NSHumanReadableCopyright = "";
				LD_RUNPATH_SEARCH_PATHS = (
					"$(inherited)",
					"@executable_path/../Frameworks",
				);
				MARKETING_VERSION = 1.0;
				PRODUCT_BUNDLE_IDENTIFIER = com.sgntn.SimDirs;
				PRODUCT_NAME = "$(TARGET_NAME)";
				SWIFT_EMIT_LOC_STRINGS = YES;
				SWIFT_VERSION = 5.0;
			};
			name = Release;
		};
/* End XCBuildConfiguration section */

/* Begin XCConfigurationList section */
		C982F850283B9F9000D491F4 /* Build configuration list for PBXProject "SimDirs" */ = {
			isa = XCConfigurationList;
			buildConfigurations = (
				C982F862283B9F9200D491F4 /* Debug */,
				C982F863283B9F9200D491F4 /* Release */,
			);
			defaultConfigurationIsVisible = 0;
			defaultConfigurationName = Release;
		};
		C982F864283B9F9200D491F4 /* Build configuration list for PBXNativeTarget "SimDirs" */ = {
			isa = XCConfigurationList;
			buildConfigurations = (
				C982F865283B9F9200D491F4 /* Debug */,
				C982F866283B9F9200D491F4 /* Release */,
			);
			defaultConfigurationIsVisible = 0;
			defaultConfigurationName = Release;
		};
/* End XCConfigurationList section */
	};
	rootObject = C982F84D283B9F9000D491F4 /* Project object */;
}
